# @generated - this file is auto-generated by `mise lock` https://mise.en.dev/dev-tools/mise-lock.html

[[tools.aube]]
version = "1.16.0"
backend = "github:endevco/aube"

[tools.aube."platforms.linux-arm64"]
checksum = "sha256:ae5010a03904f42736b61d34e13b39b7554125830dce0e6dc70d9931e7d3ae2f"
url = "https://github.com/endevco/aube/releases/download/v1.16.0/aube-v1.16.0-aarch64-unknown-linux-gnu.tar.gz"
url_api = "https://api.github.com/repos/endevco/aube/releases/assets/429778563"
provenance = "github-attestations"

[tools.aube."platforms.linux-arm64-musl"]
checksum = "sha256:bd0b022ad9d2f2480fd8d761dbad9f68e2921cdabb271a331e3c45b1f6b46e4f"
url = "https://github.com/endevco/aube/releases/download/v1.16.0/aube-v1.16.0-aarch64-unknown-linux-musl.tar.gz"
url_api = "https://api.github.com/repos/endevco/aube/releases/assets/429763787"
provenance = "github-attestations"

[tools.aube."platforms.linux-x64"]
checksum = "sha256:b1ce6830fc297dec707d33f928746ae235e79b0985e49a81f1cee6185822d6f5"
url = "https://github.com/endevco/aube/releases/download/v1.16.0/aube-v1.16.0-x86_64-unknown-linux-gnu.tar.gz"
url_api = "https://api.github.com/repos/endevco/aube/releases/assets/429767737"
provenance = "github-attestations"

[tools.aube."platforms.linux-x64-baseline"]
checksum = "sha256:b1ce6830fc297dec707d33f928746ae235e79b0985e49a81f1cee6185822d6f5"
url = "https://github.com/endevco/aube/releases/download/v1.16.0/aube-v1.16.0-x86_64-unknown-linux-gnu.tar.gz"
url_api = "https://api.github.com/repos/endevco/aube/releases/assets/429767737"
provenance = "github-attestations"

[tools.aube."platforms.linux-x64-musl"]
checksum = "sha256:4d191418785fdb3c0f1f3d726631fcf2121605e294a07352762e3b46d8028c79"
url = "https://github.com/endevco/aube/releases/download/v1.16.0/aube-v1.16.0-x86_64-unknown-linux-musl.tar.gz"
url_api = "https://api.github.com/repos/endevco/aube/releases/assets/429767359"
provenance = "github-attestations"

[tools.aube."platforms.linux-x64-musl-baseline"]
checksum = "sha256:4d191418785fdb3c0f1f3d726631fcf2121605e294a07352762e3b46d8028c79"
url = "https://github.com/endevco/aube/releases/download/v1.16.0/aube-v1.16.0-x86_64-unknown-linux-musl.tar.gz"
url_api = "https://api.github.com/repos/endevco/aube/releases/assets/429767359"
provenance = "github-attestations"

[tools.aube."platforms.macos-arm64"]
checksum = "sha256:0260c9496702c70a9c78d47c6d46dd74e1b7d1b09d1fe403035e9c3b9f0a4c7e"
url = "https://github.com/endevco/aube/releases/download/v1.16.0/aube-v1.16.0-aarch64-apple-darwin.tar.gz"
url_api = "https://api.github.com/repos/endevco/aube/releases/assets/429786963"
provenance = "github-attestations"

[tools.aube."platforms.windows-x64"]
checksum = "sha256:1381a03cfc99a477a485eb69d269916773a3239080396b14c93a75dc3e5ad14c"
url = "https://github.com/endevco/aube/releases/download/v1.16.0/aube-v1.16.0-x86_64-pc-windows-msvc.zip"
url_api = "https://api.github.com/repos/endevco/aube/releases/assets/429771617"
provenance = "github-attestations"

[tools.aube."platforms.windows-x64-baseline"]
checksum = "sha256:1381a03cfc99a477a485eb69d269916773a3239080396b14c93a75dc3e5ad14c"
url = "https://github.com/endevco/aube/releases/download/v1.16.0/aube-v1.16.0-x86_64-pc-windows-msvc.zip"
url_api = "https://api.github.com/repos/endevco/aube/releases/assets/429771617"
provenance = "github-attestations"

[[tools.bun]]
version = "1.3.14"
backend = "core:bun"

[tools.bun."platforms.linux-arm64"]
checksum = "sha256:a27ffb63a8310375836e0d6f668ae17fa8d8d18b88c37c821c65331973a19a3b"
url = "https://github.com/oven-sh/bun/releases/download/bun-v1.3.14/bun-linux-aarch64.zip"

[tools.bun."platforms.linux-arm64-musl"]
checksum = "sha256:b98e0ad3625c5c00d1d5b5ff55605c7adddbfae151861e68ade57b2d3b8703bb"
url = "https://github.com/oven-sh/bun/releases/download/bun-v1.3.14/bun-linux-aarch64-musl.zip"

[tools.bun."platforms.linux-x64"]
checksum = "sha256:951ee2aee855f08595aeec6225226a298d3fea83a3dcd6465c09cbccdf7e848f"
url = "https://github.com/oven-sh/bun/releases/download/bun-v1.3.14/bun-linux-x64.zip"

[tools.bun."platforms.linux-x64-baseline"]
checksum = "sha256:a063908ae08b7852ca10939bbdc6ceed3ddabce8fb9402dce83d65d73b36e6c7"
url = "https://github.com/oven-sh/bun/releases/download/bun-v1.3.14/bun-linux-x64-baseline.zip"

[tools.bun."platforms.linux-x64-musl"]
checksum = "sha256:14bd9aedeebf1dba67e8def9531c89bc989ecfdf1de42e5bfcaf1b8cd9294719"
url = "https://github.com/oven-sh/bun/releases/download/bun-v1.3.14/bun-linux-x64-musl.zip"

[tools.bun."platforms.linux-x64-musl-baseline"]
checksum = "sha256:56a7d6806cf155536c0178f0ea5fbd098e684fa509ebdb4fc0a7e19fb65382dc"
url = "https://github.com/oven-sh/bun/releases/download/bun-v1.3.14/bun-linux-x64-musl-baseline.zip"

[tools.bun."platforms.macos-arm64"]
checksum = "sha256:d8b96221828ad6f97ac7ac0ab7e95872341af763001e8803e8267652c2652620"
url = "https://github.com/oven-sh/bun/releases/download/bun-v1.3.14/bun-darwin-aarch64.zip"

[tools.bun."platforms.macos-x64"]
checksum = "sha256:4183df3374623e5bab315c547cfa0974533cd457d86b73b639f7a87974cd6633"
url = "https://github.com/oven-sh/bun/releases/download/bun-v1.3.14/bun-darwin-x64.zip"

[tools.bun."platforms.macos-x64-baseline"]
checksum = "sha256:3e35ad6f53971a9834bf9e6786e2adf72b5f1921cc9a9c5fde073d2972944076"
url = "https://github.com/oven-sh/bun/releases/download/bun-v1.3.14/bun-darwin-x64-baseline.zip"

[tools.bun."platforms.windows-x64"]
checksum = "sha256:0a0620930b6675d7ba440e81f4e0e00d3cfbe096c4b140d3fff02205e9e18922"
url = "https://github.com/oven-sh/bun/releases/download/bun-v1.3.14/bun-windows-x64.zip"

[tools.bun."platforms.windows-x64-baseline"]
checksum = "sha256:538f9c846355d9e847b2671bc00c47da4229a0befb24df3282b739770f3b475f"
url = "https://github.com/oven-sh/bun/releases/download/bun-v1.3.14/bun-windows-x64-baseline.zip"

[[tools."github:howmanysmall/pullhook"]]
version = "1.1.1"
backend = "github:howmanysmall/pullhook"

[tools."github:howmanysmall/pullhook"."platforms.linux-arm64"]
checksum = "sha256:f427c6aeb9a9253089cdb278c13d6f82bfe7f73306b8ab4742d44880241ef613"
url = "https://github.com/howmanysmall/pullhook/releases/download/v1.1.1/pullhook-aarch64-unknown-linux-gnu.tar.xz"
url_api = "https://api.github.com/repos/howmanysmall/pullhook/releases/assets/419689291"

[tools."github:howmanysmall/pullhook"."platforms.linux-arm64-musl"]
checksum = "sha256:f427c6aeb9a9253089cdb278c13d6f82bfe7f73306b8ab4742d44880241ef613"
url = "https://github.com/howmanysmall/pullhook/releases/download/v1.1.1/pullhook-aarch64-unknown-linux-gnu.tar.xz"
url_api = "https://api.github.com/repos/howmanysmall/pullhook/releases/assets/419689291"

[tools."github:howmanysmall/pullhook"."platforms.linux-x64"]
checksum = "sha256:44489d2689351fb1c749792c71c09cfaef3009c7edbc42b8007cdb9f027d5959"
url = "https://github.com/howmanysmall/pullhook/releases/download/v1.1.1/pullhook-x86_64-unknown-linux-musl.tar.xz"
url_api = "https://api.github.com/repos/howmanysmall/pullhook/releases/assets/419689297"

[tools."github:howmanysmall/pullhook"."platforms.linux-x64-baseline"]
checksum = "sha256:44489d2689351fb1c749792c71c09cfaef3009c7edbc42b8007cdb9f027d5959"
url = "https://github.com/howmanysmall/pullhook/releases/download/v1.1.1/pullhook-x86_64-unknown-linux-musl.tar.xz"
url_api = "https://api.github.com/repos/howmanysmall/pullhook/releases/assets/419689297"

[tools."github:howmanysmall/pullhook"."platforms.linux-x64-musl"]
checksum = "sha256:44489d2689351fb1c749792c71c09cfaef3009c7edbc42b8007cdb9f027d5959"
url = "https://github.com/howmanysmall/pullhook/releases/download/v1.1.1/pullhook-x86_64-unknown-linux-musl.tar.xz"
url_api = "https://api.github.com/repos/howmanysmall/pullhook/releases/assets/419689297"

[tools."github:howmanysmall/pullhook"."platforms.linux-x64-musl-baseline"]
checksum = "sha256:44489d2689351fb1c749792c71c09cfaef3009c7edbc42b8007cdb9f027d5959"
url = "https://github.com/howmanysmall/pullhook/releases/download/v1.1.1/pullhook-x86_64-unknown-linux-musl.tar.xz"
url_api = "https://api.github.com/repos/howmanysmall/pullhook/releases/assets/419689297"

[tools."github:howmanysmall/pullhook"."platforms.macos-arm64"]
checksum = "sha256:91a6339aab34c52e58da5f765d521b8919037372a0cb934c6f3412fd6ee43741"
url = "https://github.com/howmanysmall/pullhook/releases/download/v1.1.1/pullhook-aarch64-apple-darwin.tar.xz"
url_api = "https://api.github.com/repos/howmanysmall/pullhook/releases/assets/419689290"

[tools."github:howmanysmall/pullhook"."platforms.macos-x64"]
checksum = "sha256:8f465d07b20f226ae40b84c168e2ccabbeeaad2c32f9f0197c99f4b611dd043e"
url = "https://github.com/howmanysmall/pullhook/releases/download/v1.1.1/pullhook-x86_64-apple-darwin.tar.xz"
url_api = "https://api.github.com/repos/howmanysmall/pullhook/releases/assets/419689294"

[tools."github:howmanysmall/pullhook"."platforms.macos-x64-baseline"]
checksum = "sha256:8f465d07b20f226ae40b84c168e2ccabbeeaad2c32f9f0197c99f4b611dd043e"
url = "https://github.com/howmanysmall/pullhook/releases/download/v1.1.1/pullhook-x86_64-apple-darwin.tar.xz"
url_api = "https://api.github.com/repos/howmanysmall/pullhook/releases/assets/419689294"

[tools."github:howmanysmall/pullhook"."platforms.windows-x64"]
checksum = "sha256:89089232002d3c6eaa5a033f015985fab3e16aea6ca0d633bf609ac34bffae6a"
url = "https://github.com/howmanysmall/pullhook/releases/download/v1.1.1/pullhook-x86_64-pc-windows-msvc.zip"
url_api = "https://api.github.com/repos/howmanysmall/pullhook/releases/assets/419689296"

[tools."github:howmanysmall/pullhook"."platforms.windows-x64-baseline"]
checksum = "sha256:89089232002d3c6eaa5a033f015985fab3e16aea6ca0d633bf609ac34bffae6a"
url = "https://github.com/howmanysmall/pullhook/releases/download/v1.1.1/pullhook-x86_64-pc-windows-msvc.zip"
url_api = "https://api.github.com/repos/howmanysmall/pullhook/releases/assets/419689296"

[[tools.gitleaks]]
version = "8.30.1"
backend = "aqua:gitleaks/gitleaks"

[tools.gitleaks."platforms.linux-arm64"]
checksum = "sha256:e4a487ee7ccd7d3a7f7ec08657610aa3606637dab924210b3aee62570fb4b080"
url = "https://github.com/gitleaks/gitleaks/releases/download/v8.30.1/gitleaks_8.30.1_linux_arm64.tar.gz"

[tools.gitleaks."platforms.linux-arm64-musl"]
checksum = "sha256:e4a487ee7ccd7d3a7f7ec08657610aa3606637dab924210b3aee62570fb4b080"
url = "https://github.com/gitleaks/gitleaks/releases/download/v8.30.1/gitleaks_8.30.1_linux_arm64.tar.gz"

[tools.gitleaks."platforms.linux-x64"]
checksum = "sha256:551f6fc83ea457d62a0d98237cbad105af8d557003051f41f3e7ca7b3f2470eb"
url = "https://github.com/gitleaks/gitleaks/releases/download/v8.30.1/gitleaks_8.30.1_linux_x64.tar.gz"

[tools.gitleaks."platforms.linux-x64-baseline"]
checksum = "sha256:551f6fc83ea457d62a0d98237cbad105af8d557003051f41f3e7ca7b3f2470eb"
url = "https://github.com/gitleaks/gitleaks/releases/download/v8.30.1/gitleaks_8.30.1_linux_x64.tar.gz"

[tools.gitleaks."platforms.linux-x64-musl"]
checksum = "sha256:551f6fc83ea457d62a0d98237cbad105af8d557003051f41f3e7ca7b3f2470eb"
url = "https://github.com/gitleaks/gitleaks/releases/download/v8.30.1/gitleaks_8.30.1_linux_x64.tar.gz"

[tools.gitleaks."platforms.linux-x64-musl-baseline"]
checksum = "sha256:551f6fc83ea457d62a0d98237cbad105af8d557003051f41f3e7ca7b3f2470eb"
url = "https://github.com/gitleaks/gitleaks/releases/download/v8.30.1/gitleaks_8.30.1_linux_x64.tar.gz"

[tools.gitleaks."platforms.macos-arm64"]
checksum = "sha256:b40ab0ae55c505963e365f271a8d3846efbc170aa17f2607f13df610a9aeb6a5"
url = "https://github.com/gitleaks/gitleaks/releases/download/v8.30.1/gitleaks_8.30.1_darwin_arm64.tar.gz"

[tools.gitleaks."platforms.macos-x64"]
checksum = "sha256:dfe101a4db2255fc85120ac7f3d25e4342c3c20cf749f2c20a18081af1952709"
url = "https://github.com/gitleaks/gitleaks/releases/download/v8.30.1/gitleaks_8.30.1_darwin_x64.tar.gz"

[tools.gitleaks."platforms.macos-x64-baseline"]
checksum = "sha256:dfe101a4db2255fc85120ac7f3d25e4342c3c20cf749f2c20a18081af1952709"
url = "https://github.com/gitleaks/gitleaks/releases/download/v8.30.1/gitleaks_8.30.1_darwin_x64.tar.gz"

[tools.gitleaks."platforms.windows-x64"]
checksum = "sha256:d29144deff3a68aa93ced33dddf84b7fdc26070add4aa0f4513094c8332afc4e"
url = "https://github.com/gitleaks/gitleaks/releases/download/v8.30.1/gitleaks_8.30.1_windows_x64.zip"

[tools.gitleaks."platforms.windows-x64-baseline"]
checksum = "sha256:d29144deff3a68aa93ced33dddf84b7fdc26070add4aa0f4513094c8332afc4e"
url = "https://github.com/gitleaks/gitleaks/releases/download/v8.30.1/gitleaks_8.30.1_windows_x64.zip"

[[tools.lefthook]]
version = "2.1.8"
backend = "aqua:evilmartians/lefthook"

[tools.lefthook."platforms.linux-arm64"]
checksum = "sha256:2c0af40eb3209917733f72329abc2e91e51aa5fab85475ec515978c852c4d470"
url = "https://github.com/evilmartians/lefthook/releases/download/v2.1.8/lefthook_2.1.8_Linux_aarch64.gz"
provenance = "github-attestations"

[tools.lefthook."platforms.linux-arm64-musl"]
checksum = "sha256:2c0af40eb3209917733f72329abc2e91e51aa5fab85475ec515978c852c4d470"
url = "https://github.com/evilmartians/lefthook/releases/download/v2.1.8/lefthook_2.1.8_Linux_aarch64.gz"
provenance = "github-attestations"

[tools.lefthook."platforms.linux-x64"]
checksum = "sha256:15420bb2ce30ba5b71e242542b28f06447630011af924a3324ff63a0fee32f8c"
url = "https://github.com/evilmartians/lefthook/releases/download/v2.1.8/lefthook_2.1.8_Linux_x86_64.gz"
provenance = "github-attestations"

[tools.lefthook."platforms.linux-x64-baseline"]
checksum = "sha256:15420bb2ce30ba5b71e242542b28f06447630011af924a3324ff63a0fee32f8c"
url = "https://github.com/evilmartians/lefthook/releases/download/v2.1.8/lefthook_2.1.8_Linux_x86_64.gz"
provenance = "github-attestations"

[tools.lefthook."platforms.linux-x64-musl"]
checksum = "sha256:15420bb2ce30ba5b71e242542b28f06447630011af924a3324ff63a0fee32f8c"
url = "https://github.com/evilmartians/lefthook/releases/download/v2.1.8/lefthook_2.1.8_Linux_x86_64.gz"
provenance = "github-attestations"

[tools.lefthook."platforms.linux-x64-musl-baseline"]
checksum = "sha256:15420bb2ce30ba5b71e242542b28f06447630011af924a3324ff63a0fee32f8c"
url = "https://github.com/evilmartians/lefthook/releases/download/v2.1.8/lefthook_2.1.8_Linux_x86_64.gz"
provenance = "github-attestations"

[tools.lefthook."platforms.macos-arm64"]
checksum = "sha256:911d530d68ba1495beb32009bf895e296208a556a030d254e8d5641823ba7a25"
url = "https://github.com/evilmartians/lefthook/releases/download/v2.1.8/lefthook_2.1.8_MacOS_arm64.gz"
provenance = "github-attestations"

[tools.lefthook."platforms.macos-x64"]
checksum = "sha256:5d95768cf7383e21e5320dc1b351671fca009bc44800ec2366f824f5540d354f"
url = "https://github.com/evilmartians/lefthook/releases/download/v2.1.8/lefthook_2.1.8_MacOS_x86_64.gz"
provenance = "github-attestations"

[tools.lefthook."platforms.macos-x64-baseline"]
checksum = "sha256:5d95768cf7383e21e5320dc1b351671fca009bc44800ec2366f824f5540d354f"
url = "https://github.com/evilmartians/lefthook/releases/download/v2.1.8/lefthook_2.1.8_MacOS_x86_64.gz"
provenance = "github-attestations"

[tools.lefthook."platforms.windows-x64"]
checksum = "sha256:13cab0ebb26b89c66bbf53a658c4126bf34202a857412690bb61c14c530b1ecf"
url = "https://github.com/evilmartians/lefthook/releases/download/v2.1.8/lefthook_2.1.8_Windows_x86_64.gz"
provenance = "github-attestations"

[tools.lefthook."platforms.windows-x64-baseline"]
checksum = "sha256:13cab0ebb26b89c66bbf53a658c4126bf34202a857412690bb61c14c530b1ecf"
url = "https://github.com/evilmartians/lefthook/releases/download/v2.1.8/lefthook_2.1.8_Windows_x86_64.gz"
provenance = "github-attestations"

[[tools.node]]
version = "26.2.0"
backend = "core:node"

[tools.node."platforms.linux-arm64"]
checksum = "sha256:bf52461d25017479cdc549642c4e7a2303ac5c5395d7c3d026d5d8b3fa283c05"
url = "https://nodejs.org/dist/v26.2.0/node-v26.2.0-linux-arm64.tar.gz"

[tools.node."platforms.linux-arm64-musl"]
checksum = "sha256:4593d822012fe3238814721909408c66f2a82955e0141457643a7a4c84e132fd"
url = "https://unofficial-builds.nodejs.org/download/release/v26.2.0/node-v26.2.0-linux-arm64-musl.tar.gz"

[tools.node."platforms.linux-x64"]
checksum = "sha256:8e5b4b969bb2414aca2ff84d2b99608511aedca32bf8a8427e6187dbdd703bbe"
url = "https://nodejs.org/dist/v26.2.0/node-v26.2.0-linux-x64.tar.gz"

[tools.node."platforms.linux-x64-baseline"]
checksum = "sha256:8e5b4b969bb2414aca2ff84d2b99608511aedca32bf8a8427e6187dbdd703bbe"
url = "https://nodejs.org/dist/v26.2.0/node-v26.2.0-linux-x64.tar.gz"

[tools.node."platforms.linux-x64-musl"]
checksum = "sha256:9efc99332e1cf70eeb85618398467c9d339bc208be65115380c611dda4c28407"
url = "https://unofficial-builds.nodejs.org/download/release/v26.2.0/node-v26.2.0-linux-x64-musl.tar.gz"

[tools.node."platforms.linux-x64-musl-baseline"]
checksum = "sha256:9efc99332e1cf70eeb85618398467c9d339bc208be65115380c611dda4c28407"
url = "https://unofficial-builds.nodejs.org/download/release/v26.2.0/node-v26.2.0-linux-x64-musl.tar.gz"

[tools.node."platforms.macos-arm64"]
checksum = "sha256:2d8575b6a749c0bc66cc6ecd22a952f7d9bbf3b0ea76fcb0ed3ce858018afff7"
url = "https://nodejs.org/dist/v26.2.0/node-v26.2.0-darwin-arm64.tar.gz"

[tools.node."platforms.macos-x64"]
checksum = "sha256:26a5480d0dd952be86beae83e6636dacd7a3ffd17ef51d0b26bc9b260f2b42e9"
url = "https://nodejs.org/dist/v26.2.0/node-v26.2.0-darwin-x64.tar.gz"

[tools.node."platforms.macos-x64-baseline"]
checksum = "sha256:26a5480d0dd952be86beae83e6636dacd7a3ffd17ef51d0b26bc9b260f2b42e9"
url = "https://nodejs.org/dist/v26.2.0/node-v26.2.0-darwin-x64.tar.gz"

[tools.node."platforms.windows-x64"]
checksum = "sha256:371071a4f7e2c8a5dd280730049c685911feecc59f50ebc488d675dc1087c69c"
url = "https://nodejs.org/dist/v26.2.0/node-v26.2.0-win-x64.zip"

[tools.node."platforms.windows-x64-baseline"]
checksum = "sha256:371071a4f7e2c8a5dd280730049c685911feecc59f50ebc488d675dc1087c69c"
url = "https://nodejs.org/dist/v26.2.0/node-v26.2.0-win-x64.zip"

[[tools.rumdl]]
version = "0.2.2"
backend = "aqua:rvben/rumdl"

[tools.rumdl."platforms.linux-arm64"]
checksum = "sha256:029800c8ebaac711c05c4d198bf2922c81b670de18dbcbf7a1d6967eb15a0217"
url = "https://github.com/rvben/rumdl/releases/download/v0.2.2/rumdl-v0.2.2-aarch64-unknown-linux-musl.tar.gz"
provenance = "github-attestations"

[tools.rumdl."platforms.linux-arm64-musl"]
checksum = "sha256:029800c8ebaac711c05c4d198bf2922c81b670de18dbcbf7a1d6967eb15a0217"
url = "https://github.com/rvben/rumdl/releases/download/v0.2.2/rumdl-v0.2.2-aarch64-unknown-linux-musl.tar.gz"
provenance = "github-attestations"

[tools.rumdl."platforms.linux-x64"]
checksum = "sha256:8bda8529b6970d967c3c0b363b3bed3a8c10b6d3723eaf7a74390dd92b6d6be1"
url = "https://github.com/rvben/rumdl/releases/download/v0.2.2/rumdl-v0.2.2-x86_64-unknown-linux-musl.tar.gz"
provenance = "github-attestations"

[tools.rumdl."platforms.linux-x64-baseline"]
checksum = "sha256:8bda8529b6970d967c3c0b363b3bed3a8c10b6d3723eaf7a74390dd92b6d6be1"
url = "https://github.com/rvben/rumdl/releases/download/v0.2.2/rumdl-v0.2.2-x86_64-unknown-linux-musl.tar.gz"
provenance = "github-attestations"

[tools.rumdl."platforms.linux-x64-musl"]
checksum = "sha256:8bda8529b6970d967c3c0b363b3bed3a8c10b6d3723eaf7a74390dd92b6d6be1"
url = "https://github.com/rvben/rumdl/releases/download/v0.2.2/rumdl-v0.2.2-x86_64-unknown-linux-musl.tar.gz"
provenance = "github-attestations"

[tools.rumdl."platforms.linux-x64-musl-baseline"]
checksum = "sha256:8bda8529b6970d967c3c0b363b3bed3a8c10b6d3723eaf7a74390dd92b6d6be1"
url = "https://github.com/rvben/rumdl/releases/download/v0.2.2/rumdl-v0.2.2-x86_64-unknown-linux-musl.tar.gz"
provenance = "github-attestations"

[tools.rumdl."platforms.macos-arm64"]
checksum = "sha256:d8badbe73a8ca19e83138d553b099ae4b62e1e1c8d8f18ee1daba7ac5a43509c"
url = "https://github.com/rvben/rumdl/releases/download/v0.2.2/rumdl-v0.2.2-aarch64-apple-darwin.tar.gz"
provenance = "github-attestations"

[tools.rumdl."platforms.macos-x64"]
checksum = "sha256:abd5e851c51a9fa54439822b83268239b6c74907affa05df6f462915a406da88"
url = "https://github.com/rvben/rumdl/releases/download/v0.2.2/rumdl-v0.2.2-x86_64-apple-darwin.tar.gz"
provenance = "github-attestations"

[tools.rumdl."platforms.macos-x64-baseline"]
checksum = "sha256:abd5e851c51a9fa54439822b83268239b6c74907affa05df6f462915a406da88"
url = "https://github.com/rvben/rumdl/releases/download/v0.2.2/rumdl-v0.2.2-x86_64-apple-darwin.tar.gz"
provenance = "github-attestations"

[tools.rumdl."platforms.windows-x64"]
checksum = "sha256:73f1453b59317cc3423c6c702e84a6f52d63c9e2dbd22b7035ac26d3b720cedf"
url = "https://github.com/rvben/rumdl/releases/download/v0.2.2/rumdl-v0.2.2-x86_64-pc-windows-msvc.zip"
provenance = "github-attestations"

[tools.rumdl."platforms.windows-x64-baseline"]
checksum = "sha256:73f1453b59317cc3423c6c702e84a6f52d63c9e2dbd22b7035ac26d3b720cedf"
url = "https://github.com/rvben/rumdl/releases/download/v0.2.2/rumdl-v0.2.2-x86_64-pc-windows-msvc.zip"
provenance = "github-attestations"

[[tools.rust]]
version = "1.93.1"
backend = "core:rust"

[[tools.tombi]]
version = "1.1.0"
backend = "aqua:tombi-toml/tombi"

[tools.tombi."platforms.linux-arm64"]
checksum = "sha256:06a73665a4ac4f16f93e2ace03584f97cadb9609365339e53db8d35b434df359"
url = "https://github.com/tombi-toml/tombi/releases/download/v1.1.0/tombi-cli-1.1.0-aarch64-unknown-linux-musl.tar.gz"

[tools.tombi."platforms.linux-arm64-musl"]
checksum = "sha256:06a73665a4ac4f16f93e2ace03584f97cadb9609365339e53db8d35b434df359"
url = "https://github.com/tombi-toml/tombi/releases/download/v1.1.0/tombi-cli-1.1.0-aarch64-unknown-linux-musl.tar.gz"

[tools.tombi."platforms.linux-x64"]
checksum = "sha256:cee1b8edf63d7d49a5b7ed626a84d0a7f7d8ea48f664212da3cad17afeb142aa"
url = "https://github.com/tombi-toml/tombi/releases/download/v1.1.0/tombi-cli-1.1.0-x86_64-unknown-linux-musl.tar.gz"

[tools.tombi."platforms.linux-x64-baseline"]
checksum = "sha256:cee1b8edf63d7d49a5b7ed626a84d0a7f7d8ea48f664212da3cad17afeb142aa"
url = "https://github.com/tombi-toml/tombi/releases/download/v1.1.0/tombi-cli-1.1.0-x86_64-unknown-linux-musl.tar.gz"

[tools.tombi."platforms.linux-x64-musl"]
checksum = "sha256:cee1b8edf63d7d49a5b7ed626a84d0a7f7d8ea48f664212da3cad17afeb142aa"
url = "https://github.com/tombi-toml/tombi/releases/download/v1.1.0/tombi-cli-1.1.0-x86_64-unknown-linux-musl.tar.gz"

[tools.tombi."platforms.linux-x64-musl-baseline"]
checksum = "sha256:cee1b8edf63d7d49a5b7ed626a84d0a7f7d8ea48f664212da3cad17afeb142aa"
url = "https://github.com/tombi-toml/tombi/releases/download/v1.1.0/tombi-cli-1.1.0-x86_64-unknown-linux-musl.tar.gz"

[tools.tombi."platforms.macos-arm64"]
checksum = "sha256:9adc2c6ac821c758342c12aba18c394f404035483fd41b46a422da38a70e3ad8"
url = "https://github.com/tombi-toml/tombi/releases/download/v1.1.0/tombi-cli-1.1.0-aarch64-apple-darwin.tar.gz"

[tools.tombi."platforms.macos-x64"]
checksum = "sha256:0180797ef983cc56d33a0d0c22b46d37ba8b2f5718be494556d4cdec0116591f"
url = "https://github.com/tombi-toml/tombi/releases/download/v1.1.0/tombi-cli-1.1.0-x86_64-apple-darwin.tar.gz"

[tools.tombi."platforms.macos-x64-baseline"]
checksum = "sha256:0180797ef983cc56d33a0d0c22b46d37ba8b2f5718be494556d4cdec0116591f"
url = "https://github.com/tombi-toml/tombi/releases/download/v1.1.0/tombi-cli-1.1.0-x86_64-apple-darwin.tar.gz"

[tools.tombi."platforms.windows-x64"]
checksum = "sha256:8e1cdcd9d068e2b60c9eb77a5ec35c08787036fab944fee693f4bcd021fda89c"
url = "https://github.com/tombi-toml/tombi/releases/download/v1.1.0/tombi-cli-1.1.0-x86_64-pc-windows-msvc.zip"

[tools.tombi."platforms.windows-x64-baseline"]
checksum = "sha256:8e1cdcd9d068e2b60c9eb77a5ec35c08787036fab944fee693f4bcd021fda89c"
url = "https://github.com/tombi-toml/tombi/releases/download/v1.1.0/tombi-cli-1.1.0-x86_64-pc-windows-msvc.zip"
